// !$*UTF8*$!
{
	archiveVersion = 1;
	classes = {
	};
	objectVersion = 46;
	objects = {

/* Begin PBXBuildFile section */
		C690F0D919CD0C05006F8225 /* main.m in Sources */ = {isa = PBXBuildFile; fileRef = C690F0D819CD0C05006F8225 /* main.m */; };
		C690F0DC19CD0C05006F8225 /* AppDelegate.m in Sources */ = {isa = PBXBuildFile; fileRef = C690F0DB19CD0C05006F8225 /* AppDelegate.m */; };
		C690F0DE19CD0C05006F8225 /* Images.xcassets in Resources */ = {isa = PBXBuildFile; fileRef = C690F0DD19CD0C05006F8225 /* Images.xcassets */; };
		C690F0E119CD0C06006F8225 /* MainMenu.xib in Resources */ = {isa = PBXBuildFile; fileRef = C690F0DF19CD0C06006F8225 /* MainMenu.xib */; };
		C690F0ED19CD0C06006F8225 /* Up_NextTests.m in Sources */ = {isa = PBXBuildFile; fileRef = C690F0EC19CD0C06006F8225 /* Up_NextTests.m */; };
		C690F0F819CD0C39006F8225 /* CalHelper.m in Sources */ = {isa = PBXBuildFile; fileRef = C690F0F719CD0C39006F8225 /* CalHelper.m */; };
		C690F0FC19CD0EB9006F8225 /* EventKit.framework in Frameworks */ = {isa = PBXBuildFile; fileRef = C690F0FB19CD0EB9006F8225 /* EventKit.framework */; };
/* End PBXBuildFile section */

/* Begin PBXContainerItemProxy section */
		C690F0E719CD0C06006F8225 /* PBXContainerItemProxy */ = {
			isa = PBXContainerItemProxy;
			containerPortal = C690F0CB19CD0C05006F8225 /* Project object */;
			proxyType = 1;
			remoteGlobalIDString = C690F0D219CD0C05006F8225;
			remoteInfo = "Up Next";
		};
/* End PBXContainerItemProxy section */

/* Begin PBXFileReference section */
		C690F0D319CD0C05006F8225 /* Up Next.app */ = {isa = PBXFileReference; explicitFileType = wrapper.application; includeInIndex = 0; path = "Up Next.app"; sourceTree = BUILT_PRODUCTS_DIR; };
		C690F0D719CD0C05006F8225 /* Info.plist */ = {isa = PBXFileReference; lastKnownFileType = text.plist.xml; path = Info.plist; sourceTree = "<group>"; };
		C690F0D819CD0C05006F8225 /* main.m */ = {isa = PBXFileReference; lastKnownFileType = sourcecode.c.objc; path = main.m; sourceTree = "<group>"; };
		C690F0DA19CD0C05006F8225 /* AppDelegate.h */ = {isa = PBXFileReference; lastKnownFileType = sourcecode.c.h; path = AppDelegate.h; sourceTree = "<group>"; };
		C690F0DB19CD0C05006F8225 /* AppDelegate.m */ = {isa = PBXFileReference; lastKnownFileType = sourcecode.c.objc; path = AppDelegate.m; sourceTree = "<group>"; };
		C690F0DD19CD0C05006F8225 /* Images.xcassets */ = {isa = PBXFileReference; lastKnownFileType = folder.assetcatalog; path = Images.xcassets; sourceTree = "<group>"; };
		C690F0E019CD0C06006F8225 /* Base */ = {isa = PBXFileReference; lastKnownFileType = file.xib; name = Base; path = Base.lproj/MainMenu.xib; sourceTree = "<group>"; };
		C690F0E619CD0C06006F8225 /* Up NextTests.xctest */ = {isa = PBXFileReference; explicitFileType = wrapper.cfbundle; includeInIndex = 0; path = "Up NextTests.xctest"; sourceTree = BUILT_PRODUCTS_DIR; };
		C690F0EB19CD0C06006F8225 /* Info.plist */ = {isa = PBXFileReference; lastKnownFileType = text.plist.xml; path = Info.plist; sourceTree = "<group>"; };
		C690F0EC19CD0C06006F8225 /* Up_NextTests.m */ = {isa = PBXFileReference; lastKnownFileType = sourcecode.c.objc; path = Up_NextTests.m; sourceTree = "<group>"; };
		C690F0F619CD0C39006F8225 /* CalHelper.h */ = {isa = PBXFileReference; fileEncoding = 4; lastKnownFileType = sourcecode.c.h; path = CalHelper.h; sourceTree = "<group>"; };
		C690F0F719CD0C39006F8225 /* CalHelper.m */ = {isa = PBXFileReference; fileEncoding = 4; lastKnownFileType = sourcecode.c.objc; path = CalHelper.m; sourceTree = "<group>"; };
		C690F0FB19CD0EB9006F8225 /* EventKit.framework */ = {isa = PBXFileReference; lastKnownFileType = wrapper.framework; name = EventKit.framework; path = System/Library/Frameworks/EventKit.framework; sourceTree = SDKROOT; };
/* End PBXFileReference section */

/* Begin PBXFrameworksBuildPhase section */
		C690F0D019CD0C05006F8225 /* Frameworks */ = {
			isa = PBXFrameworksBuildPhase;
			buildActionMask = 2147483647;
			files = (
				C690F0FC19CD0EB9006F8225 /* EventKit.framework in Frameworks */,
			);
			runOnlyForDeploymentPostprocessing = 0;
		};
		C690F0E319CD0C06006F8225 /* Frameworks */ = {
			isa = PBXFrameworksBuildPhase;
			buildActionMask = 2147483647;
			files = (
			);
			runOnlyForDeploymentPostprocessing = 0;
		};
/* End PBXFrameworksBuildPhase section */

/* Begin PBXGroup section */
		C690F0CA19CD0C05006F8225 = {
			isa = PBXGroup;
			children = (
				C690F0FB19CD0EB9006F8225 /* EventKit.framework */,
				C690F0D519CD0C05006F8225 /* Up Next */,
				C690F0E919CD0C06006F8225 /* Up NextTests */,
				C690F0D419CD0C05006F8225 /* Products */,
			);
			sourceTree = "<group>";
		};
		C690F0D419CD0C05006F8225 /* Products */ = {
			isa = PBXGroup;
			children = (
				C690F0D319CD0C05006F8225 /* Up Next.app */,
				C690F0E619CD0C06006F8225 /* Up NextTests.xctest */,
			);
			name = Products;
			sourceTree = "<group>";
		};
		C690F0D519CD0C05006F8225 /* Up Next */ = {
			isa = PBXGroup;
			children = (
				C690F0DA19CD0C05006F8225 /* AppDelegate.h */,
				C690F0DB19CD0C05006F8225 /* AppDelegate.m */,
				C690F0F619CD0C39006F8225 /* CalHelper.h */,
				C690F0F719CD0C39006F8225 /* CalHelper.m */,
				C690F0DD19CD0C05006F8225 /* Images.xcassets */,
				C690F0DF19CD0C06006F8225 /* MainMenu.xib */,
				C690F0D619CD0C05006F8225 /* Supporting Files */,
			);
			path = "Up Next";
			sourceTree = "<group>";
		};
		C690F0D619CD0C05006F8225 /* Supporting Files */ = {
			isa = PBXGroup;
			children = (
				C690F0D719CD0C05006F8225 /* Info.plist */,
				C690F0D819CD0C05006F8225 /* main.m */,
			);
			name = "Supporting Files";
			sourceTree = "<group>";
		};
		C690F0E919CD0C06006F8225 /* Up NextTests */ = {
			isa = PBXGroup;
			children = (
				C690F0EC19CD0C06006F8225 /* Up_NextTests.m */,
				C690F0EA19CD0C06006F8225 /* Supporting Files */,
			);
			path = "Up NextTests";
			sourceTree = "<group>";
		};
		C690F0EA19CD0C06006F8225 /* Supporting Files */ = {
			isa = PBXGroup;
			children = (
				C690F0EB19CD0C06006F8225 /* Info.plist */,
			);
			name = "Supporting Files";
			sourceTree = "<group>";
		};
/* End PBXGroup section */

/* Begin PBXNativeTarget section */
		C690F0D219CD0C05006F8225 /* Up Next */ = {
			isa = PBXNativeTarget;
			buildConfigurationList = C690F0F019CD0C06006F8225 /* Build configuration list for PBXNativeTarget "Up Next" */;
			buildPhases = (
				C690F0CF19CD0C05006F8225 /* Sources */,
				C690F0D019CD0C05006F8225 /* Frameworks */,
				C690F0D119CD0C05006F8225 /* Resources */,
			);
			buildRules = (
			);
			dependencies = (
			);
			name = "Up Next";
			productName = "Up Next";
			productReference = C690F0D319CD0C05006F8225 /* Up Next.app */;
			productType = "com.apple.product-type.application";
		};
		C690F0E519CD0C06006F8225 /* Up NextTests */ = {
			isa = PBXNativeTarget;
			buildConfigurationList = C690F0F319CD0C06006F8225 /* Build configuration list for PBXNativeTarget "Up NextTests" */;
			buildPhases = (
				C690F0E219CD0C06006F8225 /* Sources */,
				C690F0E319CD0C06006F8225 /* Frameworks */,
				C690F0E419CD0C06006F8225 /* Resources */,
			);
			buildRules = (
			);
			dependencies = (
				C690F0E819CD0C06006F8225 /* PBXTargetDependency */,
			);
			name = "Up NextTests";
			productName = "Up NextTests";
			productReference = C690F0E619CD0C06006F8225 /* Up NextTests.xctest */;
			productType = "com.apple.product-type.bundle.unit-test";
		};
/* End PBXNativeTarget section */

/* Begin PBXProject section */
		C690F0CB19CD0C05006F8225 /* Project object */ = {
			isa = PBXProject;
			attributes = {
				LastUpgradeCheck = 0600;
				ORGANIZATIONNAME = "Click On Tyler";
				TargetAttributes = {
					C690F0D219CD0C05006F8225 = {
						CreatedOnToolsVersion = 6.0;
						DevelopmentTeam = 3A6K89K388;
					};
					C690F0E519CD0C06006F8225 = {
						CreatedOnToolsVersion = 6.0;
						TestTargetID = C690F0D219CD0C05006F8225;
					};
				};
			};
			buildConfigurationList = C690F0CE19CD0C05006F8225 /* Build configuration list for PBXProject "Up Next" */;
			compatibilityVersion = "Xcode 3.2";
			developmentRegion = English;
			hasScannedForEncodings = 0;
			knownRegions = (
				en,
				Base,
			);
			mainGroup = C690F0CA19CD0C05006F8225;
			productRefGroup = C690F0D419CD0C05006F8225 /* Products */;
			projectDirPath = "";
			projectRoot = "";
			targets = (
				C690F0D219CD0C05006F8225 /* Up Next */,
				C690F0E519CD0C06006F8225 /* Up NextTests */,
			);
		};
/* End PBXProject section */

/* Begin PBXResourcesBuildPhase section */
		C690F0D119CD0C05006F8225 /* Resources */ = {
			isa = PBXResourcesBuildPhase;
			buildActionMask = 2147483647;
			files = (
				C690F0DE19CD0C05006F8225 /* Images.xcassets in Resources */,
				C690F0E119CD0C06006F8225 /* MainMenu.xib in Resources */,
			);
			runOnlyForDeploymentPostprocessing = 0;
		};
		C690F0E419CD0C06006F8225 /* Resources */ = {
			isa = PBXResourcesBuildPhase;
			buildActionMask = 2147483647;
			files = (
			);
			runOnlyForDeploymentPostprocessing = 0;
		};
/* End PBXResourcesBuildPhase section */

/* Begin PBXSourcesBuildPhase section */
		C690F0CF19CD0C05006F8225 /* Sources */ = {
			isa = PBXSourcesBuildPhase;
			buildActionMask = 2147483647;
			files = (
				C690F0DC19CD0C05006F8225 /* AppDelegate.m in Sources */,
				C690F0D919CD0C05006F8225 /* main.m in Sources */,
				C690F0F819CD0C39006F8225 /* CalHelper.m in Sources */,
			);
			runOnlyForDeploymentPostprocessing = 0;
		};
		C690F0E219CD0C06006F8225 /* Sources */ = {
			isa = PBXSourcesBuildPhase;
			buildActionMask = 2147483647;
			files = (
				C690F0ED19CD0C06006F8225 /* Up_NextTests.m in Sources */,
			);
			runOnlyForDeploymentPostprocessing = 0;
		};
/* End PBXSourcesBuildPhase section */

/* Begin PBXTargetDependency section */
		C690F0E819CD0C06006F8225 /* PBXTargetDependency */ = {
			isa = PBXTargetDependency;
			target = C690F0D219CD0C05006F8225 /* Up Next */;
			targetProxy = C690F0E719CD0C06006F8225 /* PBXContainerItemProxy */;
		};
/* End PBXTargetDependency section */

/* Begin PBXVariantGroup section */
		C690F0DF19CD0C06006F8225 /* MainMenu.xib */ = {
			isa = PBXVariantGroup;
			children = (
				C690F0E019CD0C06006F8225 /* Base */,
			);
			name = MainMenu.xib;
			sourceTree = "<group>";
		};
/* End PBXVariantGroup section */

/* Begin XCBuildConfiguration section */
		C690F0EE19CD0C06006F8225 /* Debug */ = {
			isa = XCBuildConfiguration;
			buildSettings = {
				ALWAYS_SEARCH_USER_PATHS = NO;
				CLANG_CXX_LANGUAGE_STANDARD = "gnu++0x";
				CLANG_CXX_LIBRARY = "libc++";
				CLANG_ENABLE_MODULES = YES;
				CLANG_ENABLE_OBJC_ARC = YES;
				CLANG_WARN_BOOL_CONVERSION = YES;
				CLANG_WARN_CONSTANT_CONVERSION = YES;
				CLANG_WARN_DIRECT_OBJC_ISA_USAGE = YES_ERROR;
				CLANG_WARN_EMPTY_BODY = YES;
				CLANG_WARN_ENUM_CONVERSION = YES;
				CLANG_WARN_INT_CONVERSION = YES;
				CLANG_WARN_OBJC_ROOT_CLASS = YES_ERROR;
				CLANG_WARN_UNREACHABLE_CODE = YES;
				CLANG_WARN__DUPLICATE_METHOD_MATCH = YES;
				CODE_SIGN_IDENTITY = "-";
				COPY_PHASE_STRIP = NO;
				ENABLE_STRICT_OBJC_MSGSEND = YES;
				GCC_C_LANGUAGE_STANDARD = gnu99;
				GCC_DYNAMIC_NO_PIC = NO;
				GCC_OPTIMIZATION_LEVEL = 0;
				GCC_PREPROCESSOR_DEFINITIONS = (
					"DEBUG=1",
					"$(inherited)",
				);
				GCC_SYMBOLS_PRIVATE_EXTERN = NO;
				GCC_WARN_64_TO_32_BIT_CONVERSION = YES;
				GCC_WARN_ABOUT_RETURN_TYPE = YES_ERROR;
				GCC_WARN_UNDECLARED_SELECTOR = YES;
				GCC_WARN_UNINITIALIZED_AUTOS = YES_AGGRESSIVE;
				GCC_WARN_UNUSED_FUNCTION = YES;
				GCC_WARN_UNUSED_VARIABLE = YES;
				MACOSX_DEPLOYMENT_TARGET = 10.10;
				MTL_ENABLE_DEBUG_INFO = YES;
				ONLY_ACTIVE_ARCH = YES;
				SDKROOT = macosx;
			};
			name = Debug;
		};
		C690F0EF19CD0C06006F8225 /* Release */ = {
			isa = XCBuildConfiguration;
			buildSettings = {
				ALWAYS_SEARCH_USER_PATHS = NO;
				CLANG_CXX_LANGUAGE_STANDARD = "gnu++0x";
				CLANG_CXX_LIBRARY = "libc++";
				CLANG_ENABLE_MODULES = YES;
				CLANG_ENABLE_OBJC_ARC = YES;
				CLANG_WARN_BOOL_CONVERSION = YES;
				CLANG_WARN_CONSTANT_CONVERSION = YES;
				CLANG_WARN_DIRECT_OBJC_ISA_USAGE = YES_ERROR;
				CLANG_WARN_EMPTY_BODY = YES;
				CLANG_WARN_ENUM_CONVERSION = YES;
				CLANG_WARN_INT_CONVERSION = YES;
				CLANG_WARN_OBJC_ROOT_CLASS = YES_ERROR;
				CLANG_WARN_UNREACHABLE_CODE = YES;
				CLANG_WARN__DUPLICATE_METHOD_MATCH = YES;
				CODE_SIGN_IDENTITY = "-";
				COPY_PHASE_STRIP = YES;
				DEBUG_INFORMATION_FORMAT = "dwarf-with-dsym";
				ENABLE_NS_ASSERTIONS = NO;
				ENABLE_STRICT_OBJC_MSGSEND = YES;
				GCC_C_LANGUAGE_STANDARD = gnu99;
				GCC_WARN_64_TO_32_BIT_CONVERSION = YES;
				GCC_WARN_ABOUT_RETURN_TYPE = YES_ERROR;
				GCC_WARN_UNDECLARED_SELECTOR = YES;
				GCC_WARN_UNINITIALIZED_AUTOS = YES_AGGRESSIVE;
				GCC_WARN_UNUSED_FUNCTION = YES;
				GCC_WARN_UNUSED_VARIABLE = YES;
				MACOSX_DEPLOYMENT_TARGET = 10.10;
				MTL_ENABLE_DEBUG_INFO = NO;
				SDKROOT = macosx;
			};
			name = Release;
		};
		C690F0F119CD0C06006F8225 /* Debug */ = {
			isa = XCBuildConfiguration;
			buildSettings = {
				ASSETCATALOG_COMPILER_APPICON_NAME = AppIcon;
				CODE_SIGN_IDENTITY = "Developer ID Application";
				COMBINE_HIDPI_IMAGES = YES;
				INFOPLIST_FILE = "Up Next/Info.plist";
				LD_RUNPATH_SEARCH_PATHS = "$(inherited) @executable_path/../Frameworks";
				MACOSX_DEPLOYMENT_TARGET = 10.9;
				PRODUCT_NAME = "$(TARGET_NAME)";
			};
			name = Debug;
		};
		C690F0F219CD0C06006F8225 /* Release */ = {
			isa = XCBuildConfiguration;
			buildSettings = {
				ASSETCATALOG_COMPILER_APPICON_NAME = AppIcon;
				CODE_SIGN_IDENTITY = "Developer ID Application";
				COMBINE_HIDPI_IMAGES = YES;
				INFOPLIST_FILE = "Up Next/Info.plist";
				LD_RUNPATH_SEARCH_PATHS = "$(inherited) @executable_path/../Frameworks";
				MACOSX_DEPLOYMENT_TARGET = 10.9;
				PRODUCT_NAME = "$(TARGET_NAME)";
			};
			name = Release;
		};
		C690F0F419CD0C06006F8225 /* Debug */ = {
			isa = XCBuildConfiguration;
			buildSettings = {
				BUNDLE_LOADER = "$(TEST_HOST)";
				COMBINE_HIDPI_IMAGES = YES;
				FRAMEWORK_SEARCH_PATHS = (
					"$(DEVELOPER_FRAMEWORKS_DIR)",
					"$(inherited)",
				);
				GCC_PREPROCESSOR_DEFINITIONS = (
					"DEBUG=1",
					"$(inherited)",
				);
				INFOPLIST_FILE = "Up NextTests/Info.plist";
				LD_RUNPATH_SEARCH_PATHS = "$(inherited) @executable_path/../Frameworks @loader_path/../Frameworks";
				PRODUCT_NAME = "$(TARGET_NAME)";
				TEST_HOST = "$(BUILT_PRODUCTS_DIR)/Up Next.app/Contents/MacOS/Up Next";
			};
			name = Debug;
		};
		C690F0F519CD0C06006F8225 /* Release */ = {
			isa = XCBuildConfiguration;
			buildSettings = {
				BUNDLE_LOADER = "$(TEST_HOST)";
				COMBINE_HIDPI_IMAGES = YES;
				FRAMEWORK_SEARCH_PATHS = (
					"$(DEVELOPER_FRAMEWORKS_DIR)",
					"$(inherited)",
				);
				INFOPLIST_FILE = "Up NextTests/Info.plist";
				LD_RUNPATH_SEARCH_PATHS = "$(inherited) @executable_path/../Frameworks @loader_path/../Frameworks";
				PRODUCT_NAME = "$(TARGET_NAME)";
				TEST_HOST = "$(BUILT_PRODUCTS_DIR)/Up Next.app/Contents/MacOS/Up Next";
			};
			name = Release;
		};
/* End XCBuildConfiguration section */

/* Begin XCConfigurationList section */
		C690F0CE19CD0C05006F8225 /* Build configuration list for PBXProject "Up Next" */ = {
			isa = XCConfigurationList;
			buildConfigurations = (
				C690F0EE19CD0C06006F8225 /* Debug */,
				C690F0EF19CD0C06006F8225 /* Release */,
			);
			defaultConfigurationIsVisible = 0;
			defaultConfigurationName = Release;
		};
		C690F0F019CD0C06006F8225 /* Build configuration list for PBXNativeTarget "Up Next" */ = {
			isa = XCConfigurationList;
			buildConfigurations = (
				C690F0F119CD0C06006F8225 /* Debug */,
				C690F0F219CD0C06006F8225 /* Release */,
			);
			defaultConfigurationIsVisible = 0;
			defaultConfigurationName = Release;
		};
		C690F0F319CD0C06006F8225 /* Build configuration list for PBXNativeTarget "Up NextTests" */ = {
			isa = XCConfigurationList;
			buildConfigurations = (
				C690F0F419CD0C06006F8225 /* Debug */,
				C690F0F519CD0C06006F8225 /* Release */,
			);
			defaultConfigurationIsVisible = 0;
			defaultConfigurationName = Release;
		};
/* End XCConfigurationList section */
	};
	rootObject = C690F0CB19CD0C05006F8225 /* Project object */;
}
